
Microsoft Visual Studio Solution File, Format Version 12.00
# Visual Studio 15
VisualStudioVersion = 15.0.27703.2042
MinimumVisualStudioVersion = 10.0.40219.1
Project("{FAE04EC0-301F-11D3-BF4B-00C04F79EFBC}") = "ExtensionMethodsTester", "ExtensionMethodsTester\ExtensionMethodsTester.csproj", "{337EB6E8-0436-4FEA-864A-C5DEB8D03CFE}"
EndProject
Project("{FAE04EC0-301F-11D3-BF4B-00C04F79EFBC}") = "Extensions", "Extensions\Extensions.csproj", "{ACFA3D2C-5902-4977-8251-32C220D1BD93}"
EndProject
Global
	GlobalSection(SolutionConfigurationPlatforms) = preSolution
		Debug|Any CPU = Debug|Any CPU
		Release|Any CPU = Release|Any CPU
	EndGlobalSection
	GlobalSection(ProjectConfigurationPlatforms) = postSolution
		{337EB6E8-0436-4FEA-864A-C5DEB8D03CFE}.Debug|Any CPU.ActiveCfg = Debug|Any CPU
		{337EB6E8-0436-4FEA-864A-C5DEB8D03CFE}.Debug|Any CPU.Build.0 = Debug|Any CPU
		{337EB6E8-0436-4FEA-864A-C5DEB8D03CFE}.Release|Any CPU.ActiveCfg = Release|Any CPU
		{337EB6E8-0436-4FEA-864A-C5DEB8D03CFE}.Release|Any CPU.Build.0 = Release|Any CPU
		{ACFA3D2C-5902-4977-8251-32C220D1BD93}.Debug|Any CPU.ActiveCfg = Debug|Any CPU
		{ACFA3D2C-5902-4977-8251-32C220D1BD93}.Debug|Any CPU.Build.0 = Debug|Any CPU
		{ACFA3D2C-5902-4977-8251-32C220D1BD93}.Release|Any CPU.ActiveCfg = Release|Any CPU
		{ACFA3D2C-5902-4977-8251-32C220D1BD93}.Release|Any CPU.Build.0 = Release|Any CPU
	EndGlobalSection
	GlobalSection(SolutionProperties) = preSolution
		HideSolutionNode = FALSE
	EndGlobalSection
	GlobalSection(ExtensibilityGlobals) = postSolution
		SolutionGuid = {9C4DE8FB-2260-4190-860E-50D9CD1F4F1B}
	EndGlobalSection
EndGlobal
